// !$*UTF8*$!
{
	archiveVersion = 1;
	classes = {
	};
	objectVersion = 50;
	objects = {

/* Begin PBXBuildFile section */
		21D3B0C260118161D0A5677E /* Pods_RappyVideo.framework in Frameworks */ = {isa = PBXBuildFile; fileRef = CC8494CB0769ED2965DD2885 /* Pods_RappyVideo.framework */; };
		528A40E826FF629900490D63 /* AppDelegate.swift in Sources */ = {isa = PBXBuildFile; fileRef = 528A40E726FF629900490D63 /* AppDelegate.swift */; };
		528A40EC26FF629900490D63 /* ViewController.swift in Sources */ = {isa = PBXBuildFile; fileRef = 528A40EB26FF629900490D63 /* ViewController.swift */; };
		528A40EF26FF629900490D63 /* Main.storyboard in Resources */ = {isa = PBXBuildFile; fileRef = 528A40ED26FF629900490D63 /* Main.storyboard */; };
		528A40F226FF629900490D63 /* RappyVideo.xcdatamodeld in Sources */ = {isa = PBXBuildFile; fileRef = 528A40F026FF629900490D63 /* RappyVideo.xcdatamodeld */; };
		528A40F426FF629A00490D63 /* Assets.xcassets in Resources */ = {isa = PBXBuildFile; fileRef = 528A40F326FF629A00490D63 /* Assets.xcassets */; };
		528A40F726FF629A00490D63 /* LaunchScreen.storyboard in Resources */ = {isa = PBXBuildFile; fileRef = 528A40F526FF629A00490D63 /* LaunchScreen.storyboard */; };
		528A410226FF629A00490D63 /* RappyVideoTests.swift in Sources */ = {isa = PBXBuildFile; fileRef = 528A410126FF629A00490D63 /* RappyVideoTests.swift */; };
		528A410D26FF629A00490D63 /* RappyVideoUITests.swift in Sources */ = {isa = PBXBuildFile; fileRef = 528A410C26FF629A00490D63 /* RappyVideoUITests.swift */; };
		ECCEFBFE0CCB007A73AD279B /* Pods_RappyVideoTests.framework in Frameworks */ = {isa = PBXBuildFile; fileRef = E0E7FBF8636CCD157D01A841 /* Pods_RappyVideoTests.framework */; };
		EF4F52E32CC2AE4654DB0046 /* Pods_RappyVideo_RappyVideoUITests.framework in Frameworks */ = {isa = PBXBuildFile; fileRef = 410013CFA7852BB2D58640CA /* Pods_RappyVideo_RappyVideoUITests.framework */; };
/* End PBXBuildFile section */

/* Begin PBXContainerItemProxy section */
		528A40FE26FF629A00490D63 /* PBXContainerItemProxy */ = {
			isa = PBXContainerItemProxy;
			containerPortal = 528A40DC26FF629900490D63 /* Project object */;
			proxyType = 1;
			remoteGlobalIDString = 528A40E326FF629900490D63;
			remoteInfo = RappyVideo;
		};
		528A410926FF629A00490D63 /* PBXContainerItemProxy */ = {
			isa = PBXContainerItemProxy;
			containerPortal = 528A40DC26FF629900490D63 /* Project object */;
			proxyType = 1;
			remoteGlobalIDString = 528A40E326FF629900490D63;
			remoteInfo = RappyVideo;
		};
/* End PBXContainerItemProxy section */

/* Begin PBXFileReference section */
		391CA7E05DCA723EA469A31F /* Pods-RappyVideo-RappyVideoUITests.release.xcconfig */ = {isa = PBXFileReference; includeInIndex = 1; lastKnownFileType = text.xcconfig; name = "Pods-RappyVideo-RappyVideoUITests.release.xcconfig"; path = "Target Support Files/Pods-RappyVideo-RappyVideoUITests/Pods-RappyVideo-RappyVideoUITests.release.xcconfig"; sourceTree = "<group>"; };
		410013CFA7852BB2D58640CA /* Pods_RappyVideo_RappyVideoUITests.framework */ = {isa = PBXFileReference; explicitFileType = wrapper.framework; includeInIndex = 0; path = Pods_RappyVideo_RappyVideoUITests.framework; sourceTree = BUILT_PRODUCTS_DIR; };
		528A40E426FF629900490D63 /* RappyVideo.app */ = {isa = PBXFileReference; explicitFileType = wrapper.application; includeInIndex = 0; path = RappyVideo.app; sourceTree = BUILT_PRODUCTS_DIR; };
		528A40E726FF629900490D63 /* AppDelegate.swift */ = {isa = PBXFileReference; lastKnownFileType = sourcecode.swift; path = AppDelegate.swift; sourceTree = "<group>"; };
		528A40EB26FF629900490D63 /* ViewController.swift */ = {isa = PBXFileReference; lastKnownFileType = sourcecode.swift; path = ViewController.swift; sourceTree = "<group>"; };
		528A40EE26FF629900490D63 /* Base */ = {isa = PBXFileReference; lastKnownFileType = file.storyboard; name = Base; path = Base.lproj/Main.storyboard; sourceTree = "<group>"; };
		528A40F126FF629900490D63 /* RappyVideo.xcdatamodel */ = {isa = PBXFileReference; lastKnownFileType = wrapper.xcdatamodel; path = RappyVideo.xcdatamodel; sourceTree = "<group>"; };
		528A40F326FF629A00490D63 /* Assets.xcassets */ = {isa = PBXFileReference; lastKnownFileType = folder.assetcatalog; path = Assets.xcassets; sourceTree = "<group>"; };
		528A40F626FF629A00490D63 /* Base */ = {isa = PBXFileReference; lastKnownFileType = file.storyboard; name = Base; path = Base.lproj/LaunchScreen.storyboard; sourceTree = "<group>"; };
		528A40F826FF629A00490D63 /* Info.plist */ = {isa = PBXFileReference; lastKnownFileType = text.plist.xml; path = Info.plist; sourceTree = "<group>"; };
		528A40FD26FF629A00490D63 /* RappyVideoTests.xctest */ = {isa = PBXFileReference; explicitFileType = wrapper.cfbundle; includeInIndex = 0; path = RappyVideoTests.xctest; sourceTree = BUILT_PRODUCTS_DIR; };
		528A410126FF629A00490D63 /* RappyVideoTests.swift */ = {isa = PBXFileReference; lastKnownFileType = sourcecode.swift; path = RappyVideoTests.swift; sourceTree = "<group>"; };
		528A410326FF629A00490D63 /* Info.plist */ = {isa = PBXFileReference; lastKnownFileType = text.plist.xml; path = Info.plist; sourceTree = "<group>"; };
		528A410826FF629A00490D63 /* RappyVideoUITests.xctest */ = {isa = PBXFileReference; explicitFileType = wrapper.cfbundle; includeInIndex = 0; path = RappyVideoUITests.xctest; sourceTree = BUILT_PRODUCTS_DIR; };
		528A410C26FF629A00490D63 /* RappyVideoUITests.swift */ = {isa = PBXFileReference; lastKnownFileType = sourcecode.swift; path = RappyVideoUITests.swift; sourceTree = "<group>"; };
		528A410E26FF629A00490D63 /* Info.plist */ = {isa = PBXFileReference; lastKnownFileType = text.plist.xml; path = Info.plist; sourceTree = "<group>"; };
		8179127FC969AC93C806323F /* Pods-RappyVideo-RappyVideoUITests.debug.xcconfig */ = {isa = PBXFileReference; includeInIndex = 1; lastKnownFileType = text.xcconfig; name = "Pods-RappyVideo-RappyVideoUITests.debug.xcconfig"; path = "Target Support Files/Pods-RappyVideo-RappyVideoUITests/Pods-RappyVideo-RappyVideoUITests.debug.xcconfig"; sourceTree = "<group>"; };
		845FD606BE306ABF446FEF34 /* Pods-RappyVideo.release.xcconfig */ = {isa = PBXFileReference; includeInIndex = 1; lastKnownFileType = text.xcconfig; name = "Pods-RappyVideo.release.xcconfig"; path = "Target Support Files/Pods-RappyVideo/Pods-RappyVideo.release.xcconfig"; sourceTree = "<group>"; };
		A9CA6F97D6FDE88904DF8D4E /* Pods-RappyVideoTests.release.xcconfig */ = {isa = PBXFileReference; includeInIndex = 1; lastKnownFileType = text.xcconfig; name = "Pods-RappyVideoTests.release.xcconfig"; path = "Target Support Files/Pods-RappyVideoTests/Pods-RappyVideoTests.release.xcconfig"; sourceTree = "<group>"; };
		BE1238B34DEE71186F8AB932 /* Pods-RappyVideo.debug.xcconfig */ = {isa = PBXFileReference; includeInIndex = 1; lastKnownFileType = text.xcconfig; name = "Pods-RappyVideo.debug.xcconfig"; path = "Target Support Files/Pods-RappyVideo/Pods-RappyVideo.debug.xcconfig"; sourceTree = "<group>"; };
		CC8494CB0769ED2965DD2885 /* Pods_RappyVideo.framework */ = {isa = PBXFileReference; explicitFileType = wrapper.framework; includeInIndex = 0; path = Pods_RappyVideo.framework; sourceTree = BUILT_PRODUCTS_DIR; };
		E0E7FBF8636CCD157D01A841 /* Pods_RappyVideoTests.framework */ = {isa = PBXFileReference; explicitFileType = wrapper.framework; includeInIndex = 0; path = Pods_RappyVideoTests.framework; sourceTree = BUILT_PRODUCTS_DIR; };
		FD1937245C3D6481D307AD9E /* Pods-RappyVideoTests.debug.xcconfig */ = {isa = PBXFileReference; includeInIndex = 1; lastKnownFileType = text.xcconfig; name = "Pods-RappyVideoTests.debug.xcconfig"; path = "Target Support Files/Pods-RappyVideoTests/Pods-RappyVideoTests.debug.xcconfig"; sourceTree = "<group>"; };
/* End PBXFileReference section */

/* Begin PBXFrameworksBuildPhase section */
		528A40E126FF629900490D63 /* Frameworks */ = {
			isa = PBXFrameworksBuildPhase;
			buildActionMask = 2147483647;
			files = (
				21D3B0C260118161D0A5677E /* Pods_RappyVideo.framework in Frameworks */,
			);
			runOnlyForDeploymentPostprocessing = 0;
		};
		528A40FA26FF629A00490D63 /* Frameworks */ = {
			isa = PBXFrameworksBuildPhase;
			buildActionMask = 2147483647;
			files = (
				ECCEFBFE0CCB007A73AD279B /* Pods_RappyVideoTests.framework in Frameworks */,
			);
			runOnlyForDeploymentPostprocessing = 0;
		};
		528A410526FF629A00490D63 /* Frameworks */ = {
			isa = PBXFrameworksBuildPhase;
			buildActionMask = 2147483647;
			files = (
				EF4F52E32CC2AE4654DB0046 /* Pods_RappyVideo_RappyVideoUITests.framework in Frameworks */,
			);
			runOnlyForDeploymentPostprocessing = 0;
		};
/* End PBXFrameworksBuildPhase section */

/* Begin PBXGroup section */
		528A40DB26FF629900490D63 = {
			isa = PBXGroup;
			children = (
				528A40E626FF629900490D63 /* RappyVideo */,
				528A410026FF629A00490D63 /* RappyVideoTests */,
				528A410B26FF629A00490D63 /* RappyVideoUITests */,
				528A40E526FF629900490D63 /* Products */,
				7D751DEC2A10F81F3B499038 /* Pods */,
				ACD57FC3D27CC2EBFEF9CD8B /* Frameworks */,
			);
			sourceTree = "<group>";
		};
		528A40E526FF629900490D63 /* Products */ = {
			isa = PBXGroup;
			children = (
				528A40E426FF629900490D63 /* RappyVideo.app */,
				528A40FD26FF629A00490D63 /* RappyVideoTests.xctest */,
				528A410826FF629A00490D63 /* RappyVideoUITests.xctest */,
			);
			name = Products;
			sourceTree = "<group>";
		};
		528A40E626FF629900490D63 /* RappyVideo */ = {
			isa = PBXGroup;
			children = (
				528A40E726FF629900490D63 /* AppDelegate.swift */,
				528A40EB26FF629900490D63 /* ViewController.swift */,
				528A40ED26FF629900490D63 /* Main.storyboard */,
				528A40F326FF629A00490D63 /* Assets.xcassets */,
				528A40F526FF629A00490D63 /* LaunchScreen.storyboard */,
				528A40F826FF629A00490D63 /* Info.plist */,
				528A40F026FF629900490D63 /* RappyVideo.xcdatamodeld */,
			);
			path = RappyVideo;
			sourceTree = "<group>";
		};
		528A410026FF629A00490D63 /* RappyVideoTests */ = {
			isa = PBXGroup;
			children = (
				528A410126FF629A00490D63 /* RappyVideoTests.swift */,
				528A410326FF629A00490D63 /* Info.plist */,
			);
			path = RappyVideoTests;
			sourceTree = "<group>";
		};
		528A410B26FF629A00490D63 /* RappyVideoUITests */ = {
			isa = PBXGroup;
			children = (
				528A410C26FF629A00490D63 /* RappyVideoUITests.swift */,
				528A410E26FF629A00490D63 /* Info.plist */,
			);
			path = RappyVideoUITests;
			sourceTree = "<group>";
		};
		7D751DEC2A10F81F3B499038 /* Pods */ = {
			isa = PBXGroup;
			children = (
				BE1238B34DEE71186F8AB932 /* Pods-RappyVideo.debug.xcconfig */,
				845FD606BE306ABF446FEF34 /* Pods-RappyVideo.release.xcconfig */,
				8179127FC969AC93C806323F /* Pods-RappyVideo-RappyVideoUITests.debug.xcconfig */,
				391CA7E05DCA723EA469A31F /* Pods-RappyVideo-RappyVideoUITests.release.xcconfig */,
				FD1937245C3D6481D307AD9E /* Pods-RappyVideoTests.debug.xcconfig */,
				A9CA6F97D6FDE88904DF8D4E /* Pods-RappyVideoTests.release.xcconfig */,
			);
			name = Pods;
			path = Pods;
			sourceTree = "<group>";
		};
		ACD57FC3D27CC2EBFEF9CD8B /* Frameworks */ = {
			isa = PBXGroup;
			children = (
				CC8494CB0769ED2965DD2885 /* Pods_RappyVideo.framework */,
				410013CFA7852BB2D58640CA /* Pods_RappyVideo_RappyVideoUITests.framework */,
				E0E7FBF8636CCD157D01A841 /* Pods_RappyVideoTests.framework */,
			);
			name = Frameworks;
			sourceTree = "<group>";
		};
/* End PBXGroup section */

/* Begin PBXNativeTarget section */
		528A40E326FF629900490D63 /* RappyVideo */ = {
			isa = PBXNativeTarget;
			buildConfigurationList = 528A411126FF629A00490D63 /* Build configuration list for PBXNativeTarget "RappyVideo" */;
			buildPhases = (
				C09CD7D7C61753DB49F53E41 /* [CP] Check Pods Manifest.lock */,
				528A40E026FF629900490D63 /* Sources */,
				528A40E126FF629900490D63 /* Frameworks */,
				528A40E226FF629900490D63 /* Resources */,
				3FED2B99CA7A6A06186FD6D6 /* [CP] Embed Pods Frameworks */,
			);
			buildRules = (
			);
			dependencies = (
			);
			name = RappyVideo;
			productName = RappyVideo;
			productReference = 528A40E426FF629900490D63 /* RappyVideo.app */;
			productType = "com.apple.product-type.application";
		};
		528A40FC26FF629A00490D63 /* RappyVideoTests */ = {
			isa = PBXNativeTarget;
			buildConfigurationList = 528A411426FF629A00490D63 /* Build configuration list for PBXNativeTarget "RappyVideoTests" */;
			buildPhases = (
				C13F76E11CC8A47217DC7DDB /* [CP] Check Pods Manifest.lock */,
				528A40F926FF629A00490D63 /* Sources */,
				528A40FA26FF629A00490D63 /* Frameworks */,
				528A40FB26FF629A00490D63 /* Resources */,
			);
			buildRules = (
			);
			dependencies = (
				528A40FF26FF629A00490D63 /* PBXTargetDependency */,
			);
			name = RappyVideoTests;
			productName = RappyVideoTests;
			productReference = 528A40FD26FF629A00490D63 /* RappyVideoTests.xctest */;
			productType = "com.apple.product-type.bundle.unit-test";
		};
		528A410726FF629A00490D63 /* RappyVideoUITests */ = {
			isa = PBXNativeTarget;
			buildConfigurationList = 528A411726FF629A00490D63 /* Build configuration list for PBXNativeTarget "RappyVideoUITests" */;
			buildPhases = (
				C2A701B650EE9DE86D882B40 /* [CP] Check Pods Manifest.lock */,
				528A410426FF629A00490D63 /* Sources */,
				528A410526FF629A00490D63 /* Frameworks */,
				528A410626FF629A00490D63 /* Resources */,
				F000D666800122A49745EA5D /* [CP] Embed Pods Frameworks */,
			);
			buildRules = (
			);
			dependencies = (
				528A410A26FF629A00490D63 /* PBXTargetDependency */,
			);
			name = RappyVideoUITests;
			productName = RappyVideoUITests;
			productReference = 528A410826FF629A00490D63 /* RappyVideoUITests.xctest */;
			productType = "com.apple.product-type.bundle.ui-testing";
		};
/* End PBXNativeTarget section */

/* Begin PBXProject section */
		528A40DC26FF629900490D63 /* Project object */ = {
			isa = PBXProject;
			attributes = {
				LastSwiftUpdateCheck = 1250;
				LastUpgradeCheck = 1250;
				TargetAttributes = {
					528A40E326FF629900490D63 = {
						CreatedOnToolsVersion = 12.5.1;
					};
					528A40FC26FF629A00490D63 = {
						CreatedOnToolsVersion = 12.5.1;
						TestTargetID = 528A40E326FF629900490D63;
					};
					528A410726FF629A00490D63 = {
						CreatedOnToolsVersion = 12.5.1;
						TestTargetID = 528A40E326FF629900490D63;
					};
				};
			};
			buildConfigurationList = 528A40DF26FF629900490D63 /* Build configuration list for PBXProject "RappyVideo" */;
			compatibilityVersion = "Xcode 9.3";
			developmentRegion = en;
			hasScannedForEncodings = 0;
			knownRegions = (
				en,
				Base,
			);
			mainGroup = 528A40DB26FF629900490D63;
			productRefGroup = 528A40E526FF629900490D63 /* Products */;
			projectDirPath = "";
			projectRoot = "";
			targets = (
				528A40E326FF629900490D63 /* RappyVideo */,
				528A40FC26FF629A00490D63 /* RappyVideoTests */,
				528A410726FF629A00490D63 /* RappyVideoUITests */,
			);
		};
/* End PBXProject section */

/* Begin PBXResourcesBuildPhase section */
		528A40E226FF629900490D63 /* Resources */ = {
			isa = PBXResourcesBuildPhase;
			buildActionMask = 2147483647;
			files = (
				528A40F726FF629A00490D63 /* LaunchScreen.storyboard in Resources */,
				528A40F426FF629A00490D63 /* Assets.xcassets in Resources */,
				528A40EF26FF629900490D63 /* Main.storyboard in Resources */,
			);
			runOnlyForDeploymentPostprocessing = 0;
		};
		528A40FB26FF629A00490D63 /* Resources */ = {
			isa = PBXResourcesBuildPhase;
			buildActionMask = 2147483647;
			files = (
			);
			runOnlyForDeploymentPostprocessing = 0;
		};
		528A410626FF629A00490D63 /* Resources */ = {
			isa = PBXResourcesBuildPhase;
			buildActionMask = 2147483647;
			files = (
			);
			runOnlyForDeploymentPostprocessing = 0;
		};
/* End PBXResourcesBuildPhase section */

/* Begin PBXShellScriptBuildPhase section */
		3FED2B99CA7A6A06186FD6D6 /* [CP] Embed Pods Frameworks */ = {
			isa = PBXShellScriptBuildPhase;
			buildActionMask = 2147483647;
			files = (
			);
			inputFileListPaths = (
				"${PODS_ROOT}/Target Support Files/Pods-RappyVideo/Pods-RappyVideo-frameworks-${CONFIGURATION}-input-files.xcfilelist",
			);
			name = "[CP] Embed Pods Frameworks";
			outputFileListPaths = (
				"${PODS_ROOT}/Target Support Files/Pods-RappyVideo/Pods-RappyVideo-frameworks-${CONFIGURATION}-output-files.xcfilelist",
			);
			runOnlyForDeploymentPostprocessing = 0;
			shellPath = /bin/sh;
			shellScript = "\"${PODS_ROOT}/Target Support Files/Pods-RappyVideo/Pods-RappyVideo-frameworks.sh\"\n";
			showEnvVarsInLog = 0;
		};
		C09CD7D7C61753DB49F53E41 /* [CP] Check Pods Manifest.lock */ = {
			isa = PBXShellScriptBuildPhase;
			buildActionMask = 2147483647;
			files = (
			);
			inputFileListPaths = (
			);
			inputPaths = (
				"${PODS_PODFILE_DIR_PATH}/Podfile.lock",
				"${PODS_ROOT}/Manifest.lock",
			);
			name = "[CP] Check Pods Manifest.lock";
			outputFileListPaths = (
			);
			outputPaths = (
				"$(DERIVED_FILE_DIR)/Pods-RappyVideo-checkManifestLockResult.txt",
			);
			runOnlyForDeploymentPostprocessing = 0;
			shellPath = /bin/sh;
			shellScript = "diff \"${PODS_PODFILE_DIR_PATH}/Podfile.lock\" \"${PODS_ROOT}/Manifest.lock\" > /dev/null\nif [ $? != 0 ] ; then\n    # print error to STDERR\n    echo \"error: The sandbox is not in sync with the Podfile.lock. Run 'pod install' or update your CocoaPods installation.\" >&2\n    exit 1\nfi\n# This output is used by Xcode 'outputs' to avoid re-running this script phase.\necho \"SUCCESS\" > \"${SCRIPT_OUTPUT_FILE_0}\"\n";
			showEnvVarsInLog = 0;
		};
		C13F76E11CC8A47217DC7DDB /* [CP] Check Pods Manifest.lock */ = {
			isa = PBXShellScriptBuildPhase;
			buildActionMask = 2147483647;
			files = (
			);
			inputFileListPaths = (
			);
			inputPaths = (
				"${PODS_PODFILE_DIR_PATH}/Podfile.lock",
				"${PODS_ROOT}/Manifest.lock",
			);
			name = "[CP] Check Pods Manifest.lock";
			outputFileListPaths = (
			);
			outputPaths = (
				"$(DERIVED_FILE_DIR)/Pods-RappyVideoTests-checkManifestLockResult.txt",
			);
			runOnlyForDeploymentPostprocessing = 0;
			shellPath = /bin/sh;
			shellScript = "diff \"${PODS_PODFILE_DIR_PATH}/Podfile.lock\" \"${PODS_ROOT}/Manifest.lock\" > /dev/null\nif [ $? != 0 ] ; then\n    # print error to STDERR\n    echo \"error: The sandbox is not in sync with the Podfile.lock. Run 'pod install' or update your CocoaPods installation.\" >&2\n    exit 1\nfi\n# This output is used by Xcode 'outputs' to avoid re-running this script phase.\necho \"SUCCESS\" > \"${SCRIPT_OUTPUT_FILE_0}\"\n";
			showEnvVarsInLog = 0;
		};
		C2A701B650EE9DE86D882B40 /* [CP] Check Pods Manifest.lock */ = {
			isa = PBXShellScriptBuildPhase;
			buildActionMask = 2147483647;
			files = (
			);
			inputFileListPaths = (
			);
			inputPaths = (
				"${PODS_PODFILE_DIR_PATH}/Podfile.lock",
				"${PODS_ROOT}/Manifest.lock",
			);
			name = "[CP] Check Pods Manifest.lock";
			outputFileListPaths = (
			);
			outputPaths = (
				"$(DERIVED_FILE_DIR)/Pods-RappyVideo-RappyVideoUITests-checkManifestLockResult.txt",
			);
			runOnlyForDeploymentPostprocessing = 0;
			shellPath = /bin/sh;
			shellScript = "diff \"${PODS_PODFILE_DIR_PATH}/Podfile.lock\" \"${PODS_ROOT}/Manifest.lock\" > /dev/null\nif [ $? != 0 ] ; then\n    # print error to STDERR\n    echo \"error: The sandbox is not in sync with the Podfile.lock. Run 'pod install' or update your CocoaPods installation.\" >&2\n    exit 1\nfi\n# This output is used by Xcode 'outputs' to avoid re-running this script phase.\necho \"SUCCESS\" > \"${SCRIPT_OUTPUT_FILE_0}\"\n";
			showEnvVarsInLog = 0;
		};
		F000D666800122A49745EA5D /* [CP] Embed Pods Frameworks */ = {
			isa = PBXShellScriptBuildPhase;
			buildActionMask = 2147483647;
			files = (
			);
			inputFileListPaths = (
				"${PODS_ROOT}/Target Support Files/Pods-RappyVideo-RappyVideoUITests/Pods-RappyVideo-RappyVideoUITests-frameworks-${CONFIGURATION}-input-files.xcfilelist",
			);
			name = "[CP] Embed Pods Frameworks";
			outputFileListPaths = (
				"${PODS_ROOT}/Target Support Files/Pods-RappyVideo-RappyVideoUITests/Pods-RappyVideo-RappyVideoUITests-frameworks-${CONFIGURATION}-output-files.xcfilelist",
			);
			runOnlyForDeploymentPostprocessing = 0;
			shellPath = /bin/sh;
			shellScript = "\"${PODS_ROOT}/Target Support Files/Pods-RappyVideo-RappyVideoUITests/Pods-RappyVideo-RappyVideoUITests-frameworks.sh\"\n";
			showEnvVarsInLog = 0;
		};
/* End PBXShellScriptBuildPhase section */

/* Begin PBXSourcesBuildPhase section */
		528A40E026FF629900490D63 /* Sources */ = {
			isa = PBXSourcesBuildPhase;
			buildActionMask = 2147483647;
			files = (
				528A40EC26FF629900490D63 /* ViewController.swift in Sources */,
				528A40E826FF629900490D63 /* AppDelegate.swift in Sources */,
				528A40F226FF629900490D63 /* RappyVideo.xcdatamodeld in Sources */,
			);
			runOnlyForDeploymentPostprocessing = 0;
		};
		528A40F926FF629A00490D63 /* Sources */ = {
			isa = PBXSourcesBuildPhase;
			buildActionMask = 2147483647;
			files = (
				528A410226FF629A00490D63 /* RappyVideoTests.swift in Sources */,
			);
			runOnlyForDeploymentPostprocessing = 0;
		};
		528A410426FF629A00490D63 /* Sources */ = {
			isa = PBXSourcesBuildPhase;
			buildActionMask = 2147483647;
			files = (
				528A410D26FF629A00490D63 /* RappyVideoUITests.swift in Sources */,
			);
			runOnlyForDeploymentPostprocessing = 0;
		};
/* End PBXSourcesBuildPhase section */

/* Begin PBXTargetDependency section */
		528A40FF26FF629A00490D63 /* PBXTargetDependency */ = {
			isa = PBXTargetDependency;
			target = 528A40E326FF629900490D63 /* RappyVideo */;
			targetProxy = 528A40FE26FF629A00490D63 /* PBXContainerItemProxy */;
		};
		528A410A26FF629A00490D63 /* PBXTargetDependency */ = {
			isa = PBXTargetDependency;
			target = 528A40E326FF629900490D63 /* RappyVideo */;
			targetProxy = 528A410926FF629A00490D63 /* PBXContainerItemProxy */;
		};
/* End PBXTargetDependency section */

/* Begin PBXVariantGroup section */
		528A40ED26FF629900490D63 /* Main.storyboard */ = {
			isa = PBXVariantGroup;
			children = (
				528A40EE26FF629900490D63 /* Base */,
			);
			name = Main.storyboard;
			sourceTree = "<group>";
		};
		528A40F526FF629A00490D63 /* LaunchScreen.storyboard */ = {
			isa = PBXVariantGroup;
			children = (
				528A40F626FF629A00490D63 /* Base */,
			);
			name = LaunchScreen.storyboard;
			sourceTree = "<group>";
		};
/* End PBXVariantGroup section */

/* Begin XCBuildConfiguration section */
		528A410F26FF629A00490D63 /* Debug */ = {
			isa = XCBuildConfiguration;
			buildSettings = {
				ALWAYS_SEARCH_USER_PATHS = NO;
				CLANG_ANALYZER_NONNULL = YES;
				CLANG_ANALYZER_NUMBER_OBJECT_CONVERSION = YES_AGGRESSIVE;
				CLANG_CXX_LANGUAGE_STANDARD = "gnu++14";
				CLANG_CXX_LIBRARY = "libc++";
				CLANG_ENABLE_MODULES = YES;
				CLANG_ENABLE_OBJC_ARC = YES;
				CLANG_ENABLE_OBJC_WEAK = YES;
				CLANG_WARN_BLOCK_CAPTURE_AUTORELEASING = YES;
				CLANG_WARN_BOOL_CONVERSION = YES;
				CLANG_WARN_COMMA = YES;
				CLANG_WARN_CONSTANT_CONVERSION = YES;
				CLANG_WARN_DEPRECATED_OBJC_IMPLEMENTATIONS = YES;
				CLANG_WARN_DIRECT_OBJC_ISA_USAGE = YES_ERROR;
				CLANG_WARN_DOCUMENTATION_COMMENTS = YES;
				CLANG_WARN_EMPTY_BODY = YES;
				CLANG_WARN_ENUM_CONVERSION = YES;
				CLANG_WARN_INFINITE_RECURSION = YES;
				CLANG_WARN_INT_CONVERSION = YES;
				CLANG_WARN_NON_LITERAL_NULL_CONVERSION = YES;
				CLANG_WARN_OBJC_IMPLICIT_RETAIN_SELF = YES;
				CLANG_WARN_OBJC_LITERAL_CONVERSION = YES;
				CLANG_WARN_OBJC_ROOT_CLASS = YES_ERROR;
				CLANG_WARN_QUOTED_INCLUDE_IN_FRAMEWORK_HEADER = YES;
				CLANG_WARN_RANGE_LOOP_ANALYSIS = YES;
				CLANG_WARN_STRICT_PROTOTYPES = YES;
				CLANG_WARN_SUSPICIOUS_MOVE = YES;
				CLANG_WARN_UNGUARDED_AVAILABILITY = YES_AGGRESSIVE;
				CLANG_WARN_UNREACHABLE_CODE = YES;
				CLANG_WARN__DUPLICATE_METHOD_MATCH = YES;
				COPY_PHASE_STRIP = NO;
				DEBUG_INFORMATION_FORMAT = dwarf;
				ENABLE_STRICT_OBJC_MSGSEND = YES;
				ENABLE_TESTABILITY = YES;
				GCC_C_LANGUAGE_STANDARD = gnu11;
				GCC_DYNAMIC_NO_PIC = NO;
				GCC_NO_COMMON_BLOCKS = YES;
				GCC_OPTIMIZATION_LEVEL = 0;
				GCC_PREPROCESSOR_DEFINITIONS = (
					"DEBUG=1",
					"$(inherited)",
				);
				GCC_WARN_64_TO_32_BIT_CONVERSION = YES;
				GCC_WARN_ABOUT_RETURN_TYPE = YES_ERROR;
				GCC_WARN_UNDECLARED_SELECTOR = YES;
				GCC_WARN_UNINITIALIZED_AUTOS = YES_AGGRESSIVE;
				GCC_WARN_UNUSED_FUNCTION = YES;
				GCC_WARN_UNUSED_VARIABLE = YES;
				IPHONEOS_DEPLOYMENT_TARGET = 14.5;
				MTL_ENABLE_DEBUG_INFO = INCLUDE_SOURCE;
				MTL_FAST_MATH = YES;
				ONLY_ACTIVE_ARCH = YES;
				SDKROOT = iphoneos;
				SWIFT_ACTIVE_COMPILATION_CONDITIONS = DEBUG;
				SWIFT_OPTIMIZATION_LEVEL = "-Onone";
			};
			name = Debug;
		};
		528A411026FF629A00490D63 /* Release */ = {
			isa = XCBuildConfiguration;
			buildSettings = {
				ALWAYS_SEARCH_USER_PATHS = NO;
				CLANG_ANALYZER_NONNULL = YES;
				CLANG_ANALYZER_NUMBER_OBJECT_CONVERSION = YES_AGGRESSIVE;
				CLANG_CXX_LANGUAGE_STANDARD = "gnu++14";
				CLANG_CXX_LIBRARY = "libc++";
				CLANG_ENABLE_MODULES = YES;
				CLANG_ENABLE_OBJC_ARC = YES;
				CLANG_ENABLE_OBJC_WEAK = YES;
				CLANG_WARN_BLOCK_CAPTURE_AUTORELEASING = YES;
				CLANG_WARN_BOOL_CONVERSION = YES;
				CLANG_WARN_COMMA = YES;
				CLANG_WARN_CONSTANT_CONVERSION = YES;
				CLANG_WARN_DEPRECATED_OBJC_IMPLEMENTATIONS = YES;
				CLANG_WARN_DIRECT_OBJC_ISA_USAGE = YES_ERROR;
				CLANG_WARN_DOCUMENTATION_COMMENTS = YES;
				CLANG_WARN_EMPTY_BODY = YES;
				CLANG_WARN_ENUM_CONVERSION = YES;
				CLANG_WARN_INFINITE_RECURSION = YES;
				CLANG_WARN_INT_CONVERSION = YES;
				CLANG_WARN_NON_LITERAL_NULL_CONVERSION = YES;
				CLANG_WARN_OBJC_IMPLICIT_RETAIN_SELF = YES;
				CLANG_WARN_OBJC_LITERAL_CONVERSION = YES;
				CLANG_WARN_OBJC_ROOT_CLASS = YES_ERROR;
				CLANG_WARN_QUOTED_INCLUDE_IN_FRAMEWORK_HEADER = YES;
				CLANG_WARN_RANGE_LOOP_ANALYSIS = YES;
				CLANG_WARN_STRICT_PROTOTYPES = YES;
				CLANG_WARN_SUSPICIOUS_MOVE = YES;
				CLANG_WARN_UNGUARDED_AVAILABILITY = YES_AGGRESSIVE;
				CLANG_WARN_UNREACHABLE_CODE = YES;
				CLANG_WARN__DUPLICATE_METHOD_MATCH = YES;
				COPY_PHASE_STRIP = NO;
				DEBUG_INFORMATION_FORMAT = "dwarf-with-dsym";
				ENABLE_NS_ASSERTIONS = NO;
				ENABLE_STRICT_OBJC_MSGSEND = YES;
				GCC_C_LANGUAGE_STANDARD = gnu11;
				GCC_NO_COMMON_BLOCKS = YES;
				GCC_WARN_64_TO_32_BIT_CONVERSION = YES;
				GCC_WARN_ABOUT_RETURN_TYPE = YES_ERROR;
				GCC_WARN_UNDECLARED_SELECTOR = YES;
				GCC_WARN_UNINITIALIZED_AUTOS = YES_AGGRESSIVE;
				GCC_WARN_UNUSED_FUNCTION = YES;
				GCC_WARN_UNUSED_VARIABLE = YES;
				IPHONEOS_DEPLOYMENT_TARGET = 14.5;
				MTL_ENABLE_DEBUG_INFO = NO;
				MTL_FAST_MATH = YES;
				SDKROOT = iphoneos;
				SWIFT_COMPILATION_MODE = wholemodule;
				SWIFT_OPTIMIZATION_LEVEL = "-O";
				VALIDATE_PRODUCT = YES;
			};
			name = Release;
		};
		528A411226FF629A00490D63 /* Debug */ = {
			isa = XCBuildConfiguration;
			baseConfigurationReference = BE1238B34DEE71186F8AB932 /* Pods-RappyVideo.debug.xcconfig */;
			buildSettings = {
				ASSETCATALOG_COMPILER_APPICON_NAME = AppIcon;
				ASSETCATALOG_COMPILER_GLOBAL_ACCENT_COLOR_NAME = AccentColor;
				CODE_SIGN_STYLE = Automatic;
				INFOPLIST_FILE = RappyVideo/Info.plist;
				LD_RUNPATH_SEARCH_PATHS = (
					"$(inherited)",
					"@executable_path/Frameworks",
				);
				PRODUCT_BUNDLE_IDENTIFIER = com.rappy.app;
				PRODUCT_NAME = "$(TARGET_NAME)";
				SWIFT_VERSION = 5.0;
				TARGETED_DEVICE_FAMILY = "1,2";
			};
			name = Debug;
		};
		528A411326FF629A00490D63 /* Release */ = {
			isa = XCBuildConfiguration;
			baseConfigurationReference = 845FD606BE306ABF446FEF34 /* Pods-RappyVideo.release.xcconfig */;
			buildSettings = {
				ASSETCATALOG_COMPILER_APPICON_NAME = AppIcon;
				ASSETCATALOG_COMPILER_GLOBAL_ACCENT_COLOR_NAME = AccentColor;
				CODE_SIGN_STYLE = Automatic;
				INFOPLIST_FILE = RappyVideo/Info.plist;
				LD_RUNPATH_SEARCH_PATHS = (
					"$(inherited)",
					"@executable_path/Frameworks",
				);
				PRODUCT_BUNDLE_IDENTIFIER = com.rappy.app;
				PRODUCT_NAME = "$(TARGET_NAME)";
				SWIFT_VERSION = 5.0;
				TARGETED_DEVICE_FAMILY = "1,2";
			};
			name = Release;
		};
		528A411526FF629A00490D63 /* Debug */ = {
			isa = XCBuildConfiguration;
			baseConfigurationReference = FD1937245C3D6481D307AD9E /* Pods-RappyVideoTests.debug.xcconfig */;
			buildSettings = {
				ALWAYS_EMBED_SWIFT_STANDARD_LIBRARIES = YES;
				BUNDLE_LOADER = "$(TEST_HOST)";
				CODE_SIGN_STYLE = Automatic;
				INFOPLIST_FILE = RappyVideoTests/Info.plist;
				IPHONEOS_DEPLOYMENT_TARGET = 14.5;
				LD_RUNPATH_SEARCH_PATHS = (
					"$(inherited)",
					"@executable_path/Frameworks",
					"@loader_path/Frameworks",
				);
				PRODUCT_BUNDLE_IDENTIFIER = com.rappy.app.RappyVideoTests;
				PRODUCT_NAME = "$(TARGET_NAME)";
				SWIFT_VERSION = 5.0;
				TARGETED_DEVICE_FAMILY = "1,2";
				TEST_HOST = "$(BUILT_PRODUCTS_DIR)/RappyVideo.app/RappyVideo";
			};
			name = Debug;
		};
		528A411626FF629A00490D63 /* Release */ = {
			isa = XCBuildConfiguration;
			baseConfigurationReference = A9CA6F97D6FDE88904DF8D4E /* Pods-RappyVideoTests.release.xcconfig */;
			buildSettings = {
				ALWAYS_EMBED_SWIFT_STANDARD_LIBRARIES = YES;
				BUNDLE_LOADER = "$(TEST_HOST)";
				CODE_SIGN_STYLE = Automatic;
				INFOPLIST_FILE = RappyVideoTests/Info.plist;
				IPHONEOS_DEPLOYMENT_TARGET = 14.5;
				LD_RUNPATH_SEARCH_PATHS = (
					"$(inherited)",
					"@executable_path/Frameworks",
					"@loader_path/Frameworks",
				);
				PRODUCT_BUNDLE_IDENTIFIER = com.rappy.app.RappyVideoTests;
				PRODUCT_NAME = "$(TARGET_NAME)";
				SWIFT_VERSION = 5.0;
				TARGETED_DEVICE_FAMILY = "1,2";
				TEST_HOST = "$(BUILT_PRODUCTS_DIR)/RappyVideo.app/RappyVideo";
			};
			name = Release;
		};
		528A411826FF629A00490D63 /* Debug */ = {
			isa = XCBuildConfiguration;
			baseConfigurationReference = 8179127FC969AC93C806323F /* Pods-RappyVideo-RappyVideoUITests.debug.xcconfig */;
			buildSettings = {
				ALWAYS_EMBED_SWIFT_STANDARD_LIBRARIES = YES;
				CODE_SIGN_STYLE = Automatic;
				INFOPLIST_FILE = RappyVideoUITests/Info.plist;
				LD_RUNPATH_SEARCH_PATHS = (
					"$(inherited)",
					"@executable_path/Frameworks",
					"@loader_path/Frameworks",
				);
				PRODUCT_BUNDLE_IDENTIFIER = com.rappy.app.RappyVideoUITests;
				PRODUCT_NAME = "$(TARGET_NAME)";
				SWIFT_VERSION = 5.0;
				TARGETED_DEVICE_FAMILY = "1,2";
				TEST_TARGET_NAME = RappyVideo;
			};
			name = Debug;
		};
		528A411926FF629A00490D63 /* Release */ = {
			isa = XCBuildConfiguration;
			baseConfigurationReference = 391CA7E05DCA723EA469A31F /* Pods-RappyVideo-RappyVideoUITests.release.xcconfig */;
			buildSettings = {
				ALWAYS_EMBED_SWIFT_STANDARD_LIBRARIES = YES;
				CODE_SIGN_STYLE = Automatic;
				INFOPLIST_FILE = RappyVideoUITests/Info.plist;
				LD_RUNPATH_SEARCH_PATHS = (
					"$(inherited)",
					"@executable_path/Frameworks",
					"@loader_path/Frameworks",
				);
				PRODUCT_BUNDLE_IDENTIFIER = com.rappy.app.RappyVideoUITests;
				PRODUCT_NAME = "$(TARGET_NAME)";
				SWIFT_VERSION = 5.0;
				TARGETED_DEVICE_FAMILY = "1,2";
				TEST_TARGET_NAME = RappyVideo;
			};
			name = Release;
		};
/* End XCBuildConfiguration section */

/* Begin XCConfigurationList section */
		528A40DF26FF629900490D63 /* Build configuration list for PBXProject "RappyVideo" */ = {
			isa = XCConfigurationList;
			buildConfigurations = (
				528A410F26FF629A00490D63 /* Debug */,
				528A411026FF629A00490D63 /* Release */,
			);
			defaultConfigurationIsVisible = 0;
			defaultConfigurationName = Release;
		};
		528A411126FF629A00490D63 /* Build configuration list for PBXNativeTarget "RappyVideo" */ = {
			isa = XCConfigurationList;
			buildConfigurations = (
				528A411226FF629A00490D63 /* Debug */,
				528A411326FF629A00490D63 /* Release */,
			);
			defaultConfigurationIsVisible = 0;
			defaultConfigurationName = Release;
		};
		528A411426FF629A00490D63 /* Build configuration list for PBXNativeTarget "RappyVideoTests" */ = {
			isa = XCConfigurationList;
			buildConfigurations = (
				528A411526FF629A00490D63 /* Debug */,
				528A411626FF629A00490D63 /* Release */,
			);
			defaultConfigurationIsVisible = 0;
			defaultConfigurationName = Release;
		};
		528A411726FF629A00490D63 /* Build configuration list for PBXNativeTarget "RappyVideoUITests" */ = {
			isa = XCConfigurationList;
			buildConfigurations = (
				528A411826FF629A00490D63 /* Debug */,
				528A411926FF629A00490D63 /* Release */,
			);
			defaultConfigurationIsVisible = 0;
			defaultConfigurationName = Release;
		};
/* End XCConfigurationList section */

/* Begin XCVersionGroup section */
		528A40F026FF629900490D63 /* RappyVideo.xcdatamodeld */ = {
			isa = XCVersionGroup;
			children = (
				528A40F126FF629900490D63 /* RappyVideo.xcdatamodel */,
			);
			currentVersion = 528A40F126FF629900490D63 /* RappyVideo.xcdatamodel */;
			path = RappyVideo.xcdatamodeld;
			sourceTree = "<group>";
			versionGroupType = wrapper.xcdatamodel;
		};
/* End XCVersionGroup section */
	};
	rootObject = 528A40DC26FF629900490D63 /* Project object */;
}
